{
  "name": "@writetome51/number-array",
  "version": "1.0.2",
  "lockfileVersion": 1,
  "requires": true,
  "dependencies": {
    "@writetome51/array-and-index-validation": {
      "version": "1.0.6",
      "resolved": "https://registry.npmjs.org/@writetome51/array-and-index-validation/-/array-and-index-validation-1.0.6.tgz",
      "integrity": "sha512-GE0M3uhRSV6MJwu8cnsHxj5wkEPZ7OWehvsOGAQ1roUeItorJl7yvHzjkUZMKQoOPRpictr6r0Kj6zgopGu0gQ==",
      "requires": {
        "basic-data-handling": "~1.0.15",
        "error-if-not-populated-array": "~1.0.1"
      }
    },
    "@writetome51/array-append-prepend": {
      "version": "1.0.5",
      "resolved": "https://registry.npmjs.org/@writetome51/array-append-prepend/-/array-append-prepend-1.0.5.tgz",
      "integrity": "sha512-AKOKTb+ZU0d8v4hOUIJ+6BDkG7Pm0ROaL0Hf5OGD/XKzT8kAbqzGu+i2N6Wfrn8cndJHPGpSPK1rX+vFipDI0A==",
      "requires": {
        "error-if-values-are-not-arrays": "~1.0.2"
      }
    },
    "@writetome51/array-get-adjacent-at": {
      "version": "1.0.3",
      "resolved": "https://registry.npmjs.org/@writetome51/array-get-adjacent-at/-/array-get-adjacent-at-1.0.3.tgz",
      "integrity": "sha512-Ae26Ly+h8Su9N663jsIIN1e8FNZnMA/SkVr2NJGIMipkOQUEVCQS2TuPn6Z4VdJqydOH61fQtrXXV3ofPnmATg==",
      "requires": {
        "@writetome51/array-and-index-validation": "~1.0.6",
        "basic-data-handling": "~1.0.15"
      }
    },
    "@writetome51/array-get-and-remove-adjacent-at": {
      "version": "1.0.4",
      "resolved": "https://registry.npmjs.org/@writetome51/array-get-and-remove-adjacent-at/-/array-get-and-remove-adjacent-at-1.0.4.tgz",
      "integrity": "sha512-5yDvyVEJYfkmZR8hjs2iKP6nslwgtjUsrKIaN5NaMAzgv/9bKek9pFhaO+V4HFecmy/B0AMSr7R20n8zxIpTRA==",
      "requires": {
        "@writetome51/array-and-index-validation": "~1.0.6"
      }
    },
    "@writetome51/array-get-and-remove-by-index": {
      "version": "1.0.3",
      "resolved": "https://registry.npmjs.org/@writetome51/array-get-and-remove-by-index/-/array-get-and-remove-by-index-1.0.3.tgz",
      "integrity": "sha512-P7h4dpOi916RdO5qcEcrnw6UjC0PM1iDYM2jZyHZigKac3nN6XwBZrFbMsWXKECz1Oz9y8f+HlGu+cPOBefbyA==",
      "requires": {
        "@writetome51/array-get-and-remove-adjacent-at": "~1.0.4"
      }
    },
    "@writetome51/array-get-copy": {
      "version": "1.1.2",
      "resolved": "https://registry.npmjs.org/@writetome51/array-get-copy/-/array-get-copy-1.1.2.tgz",
      "integrity": "sha512-4qBC/5VlNe22PK8Ec0rilDCo1Q0vzGxsEGMRgw3Jojft1E/39psIm5C4ecnaJtYCWqF+fc76I2Q1ZqTEoyXphQ==",
      "requires": {
        "@writetome51/array-get-merged-arrays": "~1.1.2",
        "basic-data-handling": "~1.0.15"
      }
    },
    "@writetome51/array-get-head-tail": {
      "version": "1.0.5",
      "resolved": "https://registry.npmjs.org/@writetome51/array-get-head-tail/-/array-get-head-tail-1.0.5.tgz",
      "integrity": "sha512-canuxZ6ER0XkhXuHKC3KVLSNGrILlhlzQ3haPJZ7cOfLS6X40848849Wxf1oid7t3NTj+9S5Y+n6C78cXNLv6g==",
      "requires": {
        "@writetome51/array-get-adjacent-at": "~1.0.3"
      }
    },
    "@writetome51/array-get-indexes": {
      "version": "1.0.1",
      "resolved": "https://registry.npmjs.org/@writetome51/array-get-indexes/-/array-get-indexes-1.0.1.tgz",
      "integrity": "sha512-+PKLlc1H69DPmr05qa7HpJB0JEm+s0hGH/MzTtCbxUSCXWscaOQ8kVxFR5cIJKkjE2e/Q1weryoWML0db2+/Xw==",
      "requires": {
        "@writetome51/array-get-copy": "~1.1.2",
        "@writetome51/arrays-match": "~1.0.5",
        "basic-data-handling": "~1.0.15",
        "error-if-not-populated-array": "~1.0.1",
        "error-if-not-primitive-or-array": "~1.0.2",
        "error-if-values-are-not-arrays": "~1.0.2"
      }
    },
    "@writetome51/array-get-merged-arrays": {
      "version": "1.1.2",
      "resolved": "https://registry.npmjs.org/@writetome51/array-get-merged-arrays/-/array-get-merged-arrays-1.1.2.tgz",
      "integrity": "sha512-FBi1hLxhDXU2uNhMMaZwZD5uVownQ7EdfBkn0RljdkkfUsMB+PvIOpgx3uh2WYlZWWr8KMPAMPkatgT+uxdK8w==",
      "requires": {
        "basic-data-handling": "~1.0.15"
      }
    },
    "@writetome51/array-get-shuffled": {
      "version": "1.0.5",
      "resolved": "https://registry.npmjs.org/@writetome51/array-get-shuffled/-/array-get-shuffled-1.0.5.tgz",
      "integrity": "sha512-NECcZYGe3nMx+oRTda100kxsRbgRSc6q9Rrp2e6pK4g0XJmbr9mDKwomNRVirFiXfwqGrni2RH2gr3AzGBpsxg==",
      "requires": {
        "@writetome51/array-get-copy": "~1.1.2",
        "@writetome51/get-random-integer-s": "~1.0.4"
      }
    },
    "@writetome51/array-has": {
      "version": "1.0.7",
      "resolved": "https://registry.npmjs.org/@writetome51/array-has/-/array-has-1.0.7.tgz",
      "integrity": "sha512-T0sHKfLMvWGjKPo5KOceJsVKvo8sBCHHa/TmQZ3auuH74RCgt+hoEi5fBAIv5IXY5S76UXG8fvwPzFPiGP+flg==",
      "requires": {
        "@writetome51/array-get-adjacent-at": "~1.0.3",
        "@writetome51/array-get-indexes": "~1.0.0",
        "@writetome51/arrays-match": "~1.0.5",
        "basic-data-handling": "~1.0.15"
      }
    },
    "@writetome51/array-insert-at": {
      "version": "2.0.2",
      "resolved": "https://registry.npmjs.org/@writetome51/array-insert-at/-/array-insert-at-2.0.2.tgz",
      "integrity": "sha512-hBDBiP2mZT7KWfcMu4FT6bKq2sM5Mk6p5DQVTuja+iBSexYESObwG+KvnyLRQcRj69OdYSgX36wnGn8eP0Tqow==",
      "requires": {
        "@writetome51/array-and-index-validation": "~1.0.6",
        "error-if-values-are-not-arrays": "~1.0.2"
      }
    },
    "@writetome51/array-move-by-index": {
      "version": "1.0.1",
      "resolved": "https://registry.npmjs.org/@writetome51/array-move-by-index/-/array-move-by-index-1.0.1.tgz",
      "integrity": "sha512-MbgdHT7RkyK2QyxLxXTg3BEH74g2/fZ9YTLrdiY/+LlOuifOCYtChG+B13ceumGeJ/Q74H3afJPGD0S91PzaDQ==",
      "requires": {
        "@writetome51/array-and-index-validation": "~1.0.6",
        "@writetome51/array-get-and-remove-by-index": "~1.0.3",
        "@writetome51/array-insert-at": "~2.0.2"
      }
    },
    "@writetome51/array-starts-with-ends-with": {
      "version": "1.1.2",
      "resolved": "https://registry.npmjs.org/@writetome51/array-starts-with-ends-with/-/array-starts-with-ends-with-1.1.2.tgz",
      "integrity": "sha512-JzImr4vfPGEKx/4mGFh5wOmIqazdFEjHeM1cznWvn3JfjmQcsS11bECjTXYWqZfjGxflKLdMNVnAdLirQqCRvA==",
      "requires": {
        "@writetome51/array-and-index-validation": "~1.0.6",
        "@writetome51/array-get-head-tail": "~1.0.5",
        "@writetome51/arrays-match": "~1.0.5",
        "basic-data-handling": "~1.0.15"
      }
    },
    "@writetome51/arrays-match": {
      "version": "1.0.5",
      "resolved": "https://registry.npmjs.org/@writetome51/arrays-match/-/arrays-match-1.0.5.tgz",
      "integrity": "sha512-hg5i3N8g2ChvaLEh2n7H4iaLeiCgRzd+JzqH/Zwx0t06JA5HsHZ6XheJe4UgAFVBrLvJiBiof6IqgPrzyRz/Aw==",
      "requires": {
        "basic-data-handling": "~1.0.15",
        "error-if-values-are-not-arrays": "~1.0.2"
      }
    },
    "@writetome51/base-class": {
      "version": "0.0.3",
      "resolved": "https://registry.npmjs.org/@writetome51/base-class/-/base-class-0.0.3.tgz",
      "integrity": "sha512-Z8WEg7FHtCq32gs55+CCRs4Vq9kOjLuDytzIjfgaYjNhOqjx2wI2sCD7c7x4qOuQ02yUmjilr2HN/nopjax2UA=="
    },
    "@writetome51/get-in-ascending-order": {
      "version": "1.0.6",
      "resolved": "https://registry.npmjs.org/@writetome51/get-in-ascending-order/-/get-in-ascending-order-1.0.6.tgz",
      "integrity": "sha512-duqkl41GugdQyToT4ZHUFK5qyN4kix42i2Payhamh2SAAPSvzcIb12k0hMPZH0kISFpNoxLvOgjD3zYExSkZDw==",
      "requires": {
        "@writetome51/array-get-copy": "~1.1.2",
        "@writetome51/array-get-merged-arrays": "~1.1.2",
        "@writetome51/get-sum-average-product": "~1.0.5",
        "@writetome51/in-ascending-order": "~1.0.2",
        "basic-data-handling": "~1.0.15"
      }
    },
    "@writetome51/get-left-of-decimal": {
      "version": "1.0.4",
      "resolved": "https://registry.npmjs.org/@writetome51/get-left-of-decimal/-/get-left-of-decimal-1.0.4.tgz",
      "integrity": "sha512-7JYs3MAGAfkC098odGFcaBSVduoXfgEZuq5/Jwvj7ED+ip5iwNHu30NFphZlAR/iY66+zeLi3uGlBTJCVwqong==",
      "requires": {
        "basic-data-handling": "~1.0.15"
      }
    },
    "@writetome51/get-max-min": {
      "version": "1.0.2",
      "resolved": "https://registry.npmjs.org/@writetome51/get-max-min/-/get-max-min-1.0.2.tgz",
      "integrity": "sha512-RMLDFCedRInUbhG6CUiWnYvsvVGlKxzDIvBcAF/MABmf/nN17I100trAY0U8Al/6NsbSdFfZ1M6jAcgtdYwNDg==",
      "requires": {
        "error-if-not-populated-array": "~1.0.1"
      }
    },
    "@writetome51/get-median": {
      "version": "2.0.1",
      "resolved": "https://registry.npmjs.org/@writetome51/get-median/-/get-median-2.0.1.tgz",
      "integrity": "sha512-ETcbGgGoU9mhXSt12L+WsvbzlpDkMe5lZ9qMT9fyW9JuD+9numO25hSAJJnIpJibTjcFMjoTqcoFEpnGaSz7EQ==",
      "requires": {
        "@writetome51/get-in-ascending-order": "~1.0.6",
        "@writetome51/get-rounded-up-down": "~1.0.9",
        "@writetome51/is-odd-is-even": "~1.0.2",
        "basic-data-handling": "~1.0.15",
        "error-if-not-all-values-are-numbers": "~1.0.1",
        "error-if-not-populated-array": "~1.0.1"
      }
    },
    "@writetome51/get-random-integer-s": {
      "version": "1.0.4",
      "resolved": "https://registry.npmjs.org/@writetome51/get-random-integer-s/-/get-random-integer-s-1.0.4.tgz",
      "integrity": "sha512-I9gwZNOUfpLVha6vj8hknylzCXmuCORtL4cJL6Rya7Iy7alZvrgJFs0F0KCuNY5NJ0quIi2kYwnRvWN58ZgI/Q==",
      "requires": {
        "@writetome51/get-rounded-up-down": "~1.0.9",
        "@writetome51/in-range": "~1.0.3",
        "basic-data-handling": "~1.0.15",
        "error-if-not-populated-array": "~1.0.1"
      }
    },
    "@writetome51/get-rounded-up-down": {
      "version": "1.0.9",
      "resolved": "https://registry.npmjs.org/@writetome51/get-rounded-up-down/-/get-rounded-up-down-1.0.9.tgz",
      "integrity": "sha512-4NV4xMOsF+PvZiNCdW/UJm+cM5hLTjLYKSlUcIbMauzHL6sgNdnfg678WuCWcxrOP2pLpz6riY4vJa0cgLOzQA==",
      "requires": {
        "@writetome51/get-left-of-decimal": "~1.0.4",
        "basic-data-handling": "~1.0.15"
      }
    },
    "@writetome51/get-sum-average-product": {
      "version": "1.0.5",
      "resolved": "https://registry.npmjs.org/@writetome51/get-sum-average-product/-/get-sum-average-product-1.0.5.tgz",
      "integrity": "sha512-+R714ufiUFym5P3C6/sJy2LYLAhSwC7Q9v3Vl4vO/nVvC0xW4daX+jCkYQ8jTU6HutTDvlfI8vqIfCiFoB2Ldw==",
      "requires": {
        "error-if-array-item-is-not-number": "~1.0.4",
        "error-if-not-populated-array": "~1.0.1"
      }
    },
    "@writetome51/in-ascending-order": {
      "version": "1.0.2",
      "resolved": "https://registry.npmjs.org/@writetome51/in-ascending-order/-/in-ascending-order-1.0.2.tgz",
      "integrity": "sha512-KJGsVogxYfu89Kzq0+go3yEqFF4pRKV2hDz9jlXQoE6hMOvrzjm29ed65RpjsR7T2TiZPEhLGyM8GCOHPamSNg==",
      "requires": {
        "error-if-array-item-is-not-number": "~1.0.4",
        "error-if-not-populated-array": "~1.0.1"
      }
    },
    "@writetome51/in-range": {
      "version": "1.0.3",
      "resolved": "https://registry.npmjs.org/@writetome51/in-range/-/in-range-1.0.3.tgz",
      "integrity": "sha512-ec6cHmz0Km7RlBb6ya3y535p0gTLCTqycVw+IERiKgeIrNW+7X1rxSSsvOY1iXBFtRWpUx8yGGzEGE02o4sOBg==",
      "requires": {
        "basic-data-handling": "~1.0.15"
      }
    },
    "@writetome51/is-odd-is-even": {
      "version": "1.0.2",
      "resolved": "https://registry.npmjs.org/@writetome51/is-odd-is-even/-/is-odd-is-even-1.0.2.tgz",
      "integrity": "sha512-0XHBKmxq2SoR0HLFDrnfFJ9N3w8paFq8tgnMFAmS/94Q7QanIZFu4wq52Hq+Mlh5F7pn2AnKqgAMib/xNpLV6Q==",
      "requires": {
        "basic-data-handling": "~1.0.15"
      }
    },
    "@writetome51/not": {
      "version": "1.0.5",
      "resolved": "https://registry.npmjs.org/@writetome51/not/-/not-1.0.5.tgz",
      "integrity": "sha512-aZWWAnbfb5zi0dkfUyiSQaC2Ag2LMbvWA6QzRLS0537XZ/DQOeUKUSsxIltZ9vFoPY8kPuCrS/30mC6+q/u81w=="
    },
    "@writetome51/public-array-container": {
      "version": "2.0.2",
      "resolved": "https://registry.npmjs.org/@writetome51/public-array-container/-/public-array-container-2.0.2.tgz",
      "integrity": "sha512-a6Ra0OAOlFG7KDbquXi02h4b9OzqTP6Uxww0wardhw1Zg22ul2bQOgJJQoD+1miEEk0U5HbpwnEsfTCImYUo9A==",
      "requires": {
        "@writetome51/base-class": "~0.0.3",
        "basic-data-handling": "~1.0.15",
        "public-data-container-interface": "~1.0.3"
      }
    },
    "@writetome51/public-array-content": {
      "version": "2.1.1",
      "resolved": "https://registry.npmjs.org/@writetome51/public-array-content/-/public-array-content-2.1.1.tgz",
      "integrity": "sha512-wLs2B6BZNF/nRr1LU07ikIF0WhiMnp/839cjnuDXlTW3ZHK8z9NuMw4YY8ggk1QIBODytXb+uce0VUfciKrHww==",
      "requires": {
        "@writetome51/array-append-prepend": "~1.0.5",
        "@writetome51/array-get-copy": "~1.1.2",
        "@writetome51/array-get-indexes": "~1.0.1",
        "@writetome51/array-has": "~1.0.7",
        "@writetome51/array-move-by-index": "~1.0.1",
        "@writetome51/array-starts-with-ends-with": "~1.1.2",
        "@writetome51/arrays-match": "~1.0.5",
        "@writetome51/public-array-container": "~2.0.2",
        "@writetome51/set-array": "~1.0.2",
        "basic-data-handling": "~1.0.15"
      }
    },
    "@writetome51/set-array": {
      "version": "1.0.2",
      "resolved": "https://registry.npmjs.org/@writetome51/set-array/-/set-array-1.0.2.tgz",
      "integrity": "sha512-+Q6sCvVmAqXQhj62Ldve2TpRuJQteN0VhNjBjv59Z9P47VB3jbSZBJlLcg0U+pTHsNhWNduN2KD85ynn5qWcKw==",
      "requires": {
        "error-if-values-are-not-arrays": "~1.0.2"
      }
    },
    "basic-data-handling": {
      "version": "1.0.15",
      "resolved": "https://registry.npmjs.org/basic-data-handling/-/basic-data-handling-1.0.15.tgz",
      "integrity": "sha512-HyXRwPTfhKacukW4mMJl+3IsFC+5NzMr9flzp+XBJhHol0eAZzLxYqP7w3Cme3cziKcshzoO7Zf/9C+bewJWpA=="
    },
    "error-if-array-item-is-not-number": {
      "version": "1.0.4",
      "resolved": "https://registry.npmjs.org/error-if-array-item-is-not-number/-/error-if-array-item-is-not-number-1.0.4.tgz",
      "integrity": "sha512-DuEEqU8PaUEjx2jsBUQYo6HwR+XH5bil0A8lz3kO5ZkJ36jS/ufOX8w4jiiOgdqpmq1pAmm/moRD6Bk5nedEDQ==",
      "requires": {
        "@writetome51/not": "~1.0.3",
        "basic-data-handling": "~1.0.13"
      }
    },
    "error-if-not-all-values-are-numbers": {
      "version": "1.0.1",
      "resolved": "https://registry.npmjs.org/error-if-not-all-values-are-numbers/-/error-if-not-all-values-are-numbers-1.0.1.tgz",
      "integrity": "sha512-pWaLX1DjJymRAD/8G3dDt5absgSu7gixTrmVBo+V9jmPn/bKBb8S5qkEt4RL/1ujyUb2pm+3vbP0wbaR4zX20Q==",
      "requires": {
        "basic-data-handling": "~1.0.13",
        "error-if-not-populated-array": "~1.0.0"
      }
    },
    "error-if-not-populated-array": {
      "version": "1.0.1",
      "resolved": "https://registry.npmjs.org/error-if-not-populated-array/-/error-if-not-populated-array-1.0.1.tgz",
      "integrity": "sha512-XKN0WUVUNrDOsB1PuBRQJ4/tVOeFceioLm+QPOpCkQaZlD9vVYZf+pRrFIoiqzVno7bx7AI2lNIfMWf7gRarvg==",
      "requires": {
        "basic-data-handling": "~1.0.13"
      }
    },
    "error-if-not-primitive-or-array": {
      "version": "1.0.2",
      "resolved": "https://registry.npmjs.org/error-if-not-primitive-or-array/-/error-if-not-primitive-or-array-1.0.2.tgz",
      "integrity": "sha512-ZLxU1JpC9YGZ8Jb0n4rkcqBzizhPs4IgUQFy558c2hrOR/gxgU/sTDsVvCj/PxA3NuNtkEbwNWgjbc84HCPNaQ==",
      "requires": {
        "basic-data-handling": "~1.0.15"
      }
    },
    "error-if-values-are-not-arrays": {
      "version": "1.0.2",
      "resolved": "https://registry.npmjs.org/error-if-values-are-not-arrays/-/error-if-values-are-not-arrays-1.0.2.tgz",
      "integrity": "sha512-HD4BW6LoQpF0aGVIW1UCsY8LLnB+19kGoYs2HaB8CcaBcGw0ed3XnwJTSb/sr8YqLFkhfFO5bsaFB8savUPKsw==",
      "requires": {
        "basic-data-handling": "~1.0.13"
      }
    },
    "public-data-container-interface": {
      "version": "1.0.3",
      "resolved": "https://registry.npmjs.org/public-data-container-interface/-/public-data-container-interface-1.0.3.tgz",
      "integrity": "sha512-/Ol+b7P3E/utnNkr/dwXZaVyYKt0/MnWiUxTCZmmLIjhfeMInR6Ki8sHgW7ESdUbQ3SyHZK5u03K1ifnUcxIIw=="
    }
  }
}
